// !$*UTF8*$!
{
	archiveVersion = 1;
	classes = {
	};
	objectVersion = 46;
	objects = {

/* Begin PBXBuildFile section */
		DC18AE421D86E62B00320AA3 /* Problem5.swift in Sources */ = {isa = PBXBuildFile; fileRef = DC18AE411D86E62B00320AA3 /* Problem5.swift */; };
		DC6D41FD1D6E4B9700B26579 /* AppDelegate.swift in Sources */ = {isa = PBXBuildFile; fileRef = DC6D41FC1D6E4B9700B26579 /* AppDelegate.swift */; };
		DC6D41FF1D6E4B9700B26579 /* ViewController.swift in Sources */ = {isa = PBXBuildFile; fileRef = DC6D41FE1D6E4B9700B26579 /* ViewController.swift */; };
		DC6D42021D6E4B9700B26579 /* Main.storyboard in Resources */ = {isa = PBXBuildFile; fileRef = DC6D42001D6E4B9700B26579 /* Main.storyboard */; };
		DC6D42041D6E4B9800B26579 /* Assets.xcassets in Resources */ = {isa = PBXBuildFile; fileRef = DC6D42031D6E4B9800B26579 /* Assets.xcassets */; };
		DC6D42071D6E4B9800B26579 /* LaunchScreen.storyboard in Resources */ = {isa = PBXBuildFile; fileRef = DC6D42051D6E4B9800B26579 /* LaunchScreen.storyboard */; };
		DC71DF201D95B1BE00F6F1A3 /* Problem6.swift in Sources */ = {isa = PBXBuildFile; fileRef = DC71DF1F1D95B1BE00F6F1A3 /* Problem6.swift */; };
		DC71DF3B1D95B69200F6F1A3 /* Operators.swift in Sources */ = {isa = PBXBuildFile; fileRef = DC71DF3A1D95B69200F6F1A3 /* Operators.swift */; };
		DCE48FF01D754063007AAFE9 /* Problem2.swift in Sources */ = {isa = PBXBuildFile; fileRef = DCE48FEF1D754063007AAFE9 /* Problem2.swift */; };
		DCE48FF21D754091007AAFE9 /* Boilerplate.swift in Sources */ = {isa = PBXBuildFile; fileRef = DCE48FF11D754091007AAFE9 /* Boilerplate.swift */; };
		DCE48FF41D7548E1007AAFE9 /* Problem3.swift in Sources */ = {isa = PBXBuildFile; fileRef = DCE48FF31D7548E1007AAFE9 /* Problem3.swift */; };
		DCE48FF61D754F4B007AAFE9 /* Problem4.swift in Sources */ = {isa = PBXBuildFile; fileRef = DCE48FF51D754F4B007AAFE9 /* Problem4.swift */; };
		DCFC00281D7533EA007CC36F /* EulerProject.swift in Sources */ = {isa = PBXBuildFile; fileRef = DCFC00271D7533EA007CC36F /* EulerProject.swift */; };
		DCFC002A1D7533F3007CC36F /* EulerProblem.swift in Sources */ = {isa = PBXBuildFile; fileRef = DCFC00291D7533F3007CC36F /* EulerProblem.swift */; };
		DCFC002C1D7535FF007CC36F /* Problem1.swift in Sources */ = {isa = PBXBuildFile; fileRef = DCFC002B1D7535FF007CC36F /* Problem1.swift */; };
/* End PBXBuildFile section */

/* Begin PBXFileReference section */
		DC18AE401D86E53D00320AA3 /* README.md */ = {isa = PBXFileReference; lastKnownFileType = net.daringfireball.markdown; path = README.md; sourceTree = "<group>"; };
		DC18AE411D86E62B00320AA3 /* Problem5.swift */ = {isa = PBXFileReference; fileEncoding = 4; lastKnownFileType = sourcecode.swift; path = Problem5.swift; sourceTree = "<group>"; };
		DC6D41F91D6E4B9700B26579 /* ProjectEuler.app */ = {isa = PBXFileReference; explicitFileType = wrapper.application; includeInIndex = 0; path = ProjectEuler.app; sourceTree = BUILT_PRODUCTS_DIR; };
		DC6D41FC1D6E4B9700B26579 /* AppDelegate.swift */ = {isa = PBXFileReference; lastKnownFileType = sourcecode.swift; path = AppDelegate.swift; sourceTree = "<group>"; };
		DC6D41FE1D6E4B9700B26579 /* ViewController.swift */ = {isa = PBXFileReference; lastKnownFileType = sourcecode.swift; path = ViewController.swift; sourceTree = "<group>"; };
		DC6D42011D6E4B9700B26579 /* Base */ = {isa = PBXFileReference; lastKnownFileType = file.storyboard; name = Base; path = Base.lproj/Main.storyboard; sourceTree = "<group>"; };
		DC6D42031D6E4B9800B26579 /* Assets.xcassets */ = {isa = PBXFileReference; lastKnownFileType = folder.assetcatalog; path = Assets.xcassets; sourceTree = "<group>"; };
		DC6D42061D6E4B9800B26579 /* Base */ = {isa = PBXFileReference; lastKnownFileType = file.storyboard; name = Base; path = Base.lproj/LaunchScreen.storyboard; sourceTree = "<group>"; };
		DC6D42081D6E4B9800B26579 /* Info.plist */ = {isa = PBXFileReference; lastKnownFileType = text.plist.xml; path = Info.plist; sourceTree = "<group>"; };
		DC71DF1F1D95B1BE00F6F1A3 /* Problem6.swift */ = {isa = PBXFileReference; fileEncoding = 4; lastKnownFileType = sourcecode.swift; path = Problem6.swift; sourceTree = "<group>"; };
		DC71DF3A1D95B69200F6F1A3 /* Operators.swift */ = {isa = PBXFileReference; fileEncoding = 4; lastKnownFileType = sourcecode.swift; path = Operators.swift; sourceTree = "<group>"; };
		DCE48FEF1D754063007AAFE9 /* Problem2.swift */ = {isa = PBXFileReference; fileEncoding = 4; lastKnownFileType = sourcecode.swift; path = Problem2.swift; sourceTree = "<group>"; };
		DCE48FF11D754091007AAFE9 /* Boilerplate.swift */ = {isa = PBXFileReference; fileEncoding = 4; lastKnownFileType = sourcecode.swift; path = Boilerplate.swift; sourceTree = "<group>"; };
		DCE48FF31D7548E1007AAFE9 /* Problem3.swift */ = {isa = PBXFileReference; fileEncoding = 4; lastKnownFileType = sourcecode.swift; path = Problem3.swift; sourceTree = "<group>"; };
		DCE48FF51D754F4B007AAFE9 /* Problem4.swift */ = {isa = PBXFileReference; fileEncoding = 4; lastKnownFileType = sourcecode.swift; path = Problem4.swift; sourceTree = "<group>"; };
		DCFC00271D7533EA007CC36F /* EulerProject.swift */ = {isa = PBXFileReference; fileEncoding = 4; lastKnownFileType = sourcecode.swift; path = EulerProject.swift; sourceTree = "<group>"; };
		DCFC00291D7533F3007CC36F /* EulerProblem.swift */ = {isa = PBXFileReference; fileEncoding = 4; lastKnownFileType = sourcecode.swift; path = EulerProblem.swift; sourceTree = "<group>"; };
		DCFC002B1D7535FF007CC36F /* Problem1.swift */ = {isa = PBXFileReference; fileEncoding = 4; lastKnownFileType = sourcecode.swift; path = Problem1.swift; sourceTree = "<group>"; };
/* End PBXFileReference section */

/* Begin PBXFrameworksBuildPhase section */
		DC6D41F61D6E4B9700B26579 /* Frameworks */ = {
			isa = PBXFrameworksBuildPhase;
			buildActionMask = 2147483647;
			files = (
			);
			runOnlyForDeploymentPostprocessing = 0;
		};
/* End PBXFrameworksBuildPhase section */

/* Begin PBXGroup section */
		DC6D41F01D6E4B9700B26579 = {
			isa = PBXGroup;
			children = (
				DC18AE401D86E53D00320AA3 /* README.md */,
				DC6D41FB1D6E4B9700B26579 /* ProjectEuler */,
				DC6D41FA1D6E4B9700B26579 /* Products */,
			);
			sourceTree = "<group>";
		};
		DC6D41FA1D6E4B9700B26579 /* Products */ = {
			isa = PBXGroup;
			children = (
				DC6D41F91D6E4B9700B26579 /* ProjectEuler.app */,
			);
			name = Products;
			sourceTree = "<group>";
		};
		DC6D41FB1D6E4B9700B26579 /* ProjectEuler */ = {
			isa = PBXGroup;
			children = (
				DCFC00261D7533D0007CC36F /* Classes */,
				DCFC00241D7533B6007CC36F /* Problems */,
				DCFC00231D7533A9007CC36F /* Controllers */,
				DCFC00211D75337F007CC36F /* Resources */,
				DCFC00201D753375007CC36F /* AppDelegate */,
				DCFC00221D753398007CC36F /* Supporting Files */,
			);
			path = ProjectEuler;
			sourceTree = "<group>";
		};
		DCFC00201D753375007CC36F /* AppDelegate */ = {
			isa = PBXGroup;
			children = (
				DC6D41FC1D6E4B9700B26579 /* AppDelegate.swift */,
			);
			name = AppDelegate;
			sourceTree = "<group>";
		};
		DCFC00211D75337F007CC36F /* Resources */ = {
			isa = PBXGroup;
			children = (
				DC6D42001D6E4B9700B26579 /* Main.storyboard */,
				DC6D42031D6E4B9800B26579 /* Assets.xcassets */,
				DC6D42051D6E4B9800B26579 /* LaunchScreen.storyboard */,
			);
			name = Resources;
			sourceTree = "<group>";
		};
		DCFC00221D753398007CC36F /* Supporting Files */ = {
			isa = PBXGroup;
			children = (
				DC6D42081D6E4B9800B26579 /* Info.plist */,
			);
			name = "Supporting Files";
			sourceTree = "<group>";
		};
		DCFC00231D7533A9007CC36F /* Controllers */ = {
			isa = PBXGroup;
			children = (
				DC6D41FE1D6E4B9700B26579 /* ViewController.swift */,
			);
			name = Controllers;
			sourceTree = "<group>";
		};
		DCFC00241D7533B6007CC36F /* Problems */ = {
			isa = PBXGroup;
			children = (
				DCFC002B1D7535FF007CC36F /* Problem1.swift */,
				DCE48FEF1D754063007AAFE9 /* Problem2.swift */,
				DCE48FF31D7548E1007AAFE9 /* Problem3.swift */,
				DCE48FF51D754F4B007AAFE9 /* Problem4.swift */,
				DC18AE411D86E62B00320AA3 /* Problem5.swift */,
				DC71DF1F1D95B1BE00F6F1A3 /* Problem6.swift */,
				DCE48FF11D754091007AAFE9 /* Boilerplate.swift */,
				DC71DF3A1D95B69200F6F1A3 /* Operators.swift */,
			);
			path = Problems;
			sourceTree = "<group>";
		};
		DCFC00261D7533D0007CC36F /* Classes */ = {
			isa = PBXGroup;
			children = (
				DCFC00271D7533EA007CC36F /* EulerProject.swift */,
				DCFC00291D7533F3007CC36F /* EulerProblem.swift */,
			);
			path = Classes;
			sourceTree = "<group>";
		};
/* End PBXGroup section */

/* Begin PBXNativeTarget section */
		DC6D41F81D6E4B9700B26579 /* ProjectEuler */ = {
			isa = PBXNativeTarget;
			buildConfigurationList = DC6D420B1D6E4B9800B26579 /* Build configuration list for PBXNativeTarget "ProjectEuler" */;
			buildPhases = (
				DC6D41F51D6E4B9700B26579 /* Sources */,
				DC6D41F61D6E4B9700B26579 /* Frameworks */,
				DC6D41F71D6E4B9700B26579 /* Resources */,
			);
			buildRules = (
			);
			dependencies = (
			);
			name = ProjectEuler;
			productName = ProjectEuler;
			productReference = DC6D41F91D6E4B9700B26579 /* ProjectEuler.app */;
			productType = "com.apple.product-type.application";
		};
/* End PBXNativeTarget section */

/* Begin PBXProject section */
		DC6D41F11D6E4B9700B26579 /* Project object */ = {
			isa = PBXProject;
			attributes = {
				LastSwiftUpdateCheck = 0730;
				LastUpgradeCheck = 0800;
				ORGANIZATIONNAME = "Felix Ayala";
				TargetAttributes = {
					DC6D41F81D6E4B9700B26579 = {
						CreatedOnToolsVersion = 7.3.1;
						DevelopmentTeam = TZC6423TE8;
						LastSwiftMigration = 0800;
					};
				};
			};
			buildConfigurationList = DC6D41F41D6E4B9700B26579 /* Build configuration list for PBXProject "ProjectEuler" */;
			compatibilityVersion = "Xcode 3.2";
			developmentRegion = English;
			hasScannedForEncodings = 0;
			knownRegions = (
				en,
				Base,
			);
			mainGroup = DC6D41F01D6E4B9700B26579;
			productRefGroup = DC6D41FA1D6E4B9700B26579 /* Products */;
			projectDirPath = "";
			projectRoot = "";
			targets = (
				DC6D41F81D6E4B9700B26579 /* ProjectEuler */,
			);
		};
/* End PBXProject section */

/* Begin PBXResourcesBuildPhase section */
		DC6D41F71D6E4B9700B26579 /* Resources */ = {
			isa = PBXResourcesBuildPhase;
			buildActionMask = 2147483647;
			files = (
				DC6D42071D6E4B9800B26579 /* LaunchScreen.storyboard in Resources */,
				DC6D42041D6E4B9800B26579 /* Assets.xcassets in Resources */,
				DC6D42021D6E4B9700B26579 /* Main.storyboard in Resources */,
			);
			runOnlyForDeploymentPostprocessing = 0;
		};
/* End PBXResourcesBuildPhase section */

/* Begin PBXSourcesBuildPhase section */
		DC6D41F51D6E4B9700B26579 /* Sources */ = {
			isa = PBXSourcesBuildPhase;
			buildActionMask = 2147483647;
			files = (
				DCE48FF61D754F4B007AAFE9 /* Problem4.swift in Sources */,
				DC18AE421D86E62B00320AA3 /* Problem5.swift in Sources */,
				DCE48FF01D754063007AAFE9 /* Problem2.swift in Sources */,
				DCE48FF21D754091007AAFE9 /* Boilerplate.swift in Sources */,
				DC6D41FF1D6E4B9700B26579 /* ViewController.swift in Sources */,
				DC71DF3B1D95B69200F6F1A3 /* Operators.swift in Sources */,
				DC71DF201D95B1BE00F6F1A3 /* Problem6.swift in Sources */,
				DCFC002C1D7535FF007CC36F /* Problem1.swift in Sources */,
				DCFC002A1D7533F3007CC36F /* EulerProblem.swift in Sources */,
				DCE48FF41D7548E1007AAFE9 /* Problem3.swift in Sources */,
				DC6D41FD1D6E4B9700B26579 /* AppDelegate.swift in Sources */,
				DCFC00281D7533EA007CC36F /* EulerProject.swift in Sources */,
			);
			runOnlyForDeploymentPostprocessing = 0;
		};
/* End PBXSourcesBuildPhase section */

/* Begin PBXVariantGroup section */
		DC6D42001D6E4B9700B26579 /* Main.storyboard */ = {
			isa = PBXVariantGroup;
			children = (
				DC6D42011D6E4B9700B26579 /* Base */,
			);
			name = Main.storyboard;
			sourceTree = "<group>";
		};
		DC6D42051D6E4B9800B26579 /* LaunchScreen.storyboard */ = {
			isa = PBXVariantGroup;
			children = (
				DC6D42061D6E4B9800B26579 /* Base */,
			);
			name = LaunchScreen.storyboard;
			sourceTree = "<group>";
		};
/* End PBXVariantGroup section */

/* Begin XCBuildConfiguration section */
		DC6D42091D6E4B9800B26579 /* Debug */ = {
			isa = XCBuildConfiguration;
			buildSettings = {
				ALWAYS_SEARCH_USER_PATHS = NO;
				CLANG_ANALYZER_NONNULL = YES;
				CLANG_CXX_LANGUAGE_STANDARD = "gnu++0x";
				CLANG_CXX_LIBRARY = "libc++";
				CLANG_ENABLE_MODULES = YES;
				CLANG_ENABLE_OBJC_ARC = YES;
				CLANG_WARN_BOOL_CONVERSION = YES;
				CLANG_WARN_CONSTANT_CONVERSION = YES;
				CLANG_WARN_DIRECT_OBJC_ISA_USAGE = YES_ERROR;
				CLANG_WARN_EMPTY_BODY = YES;
				CLANG_WARN_ENUM_CONVERSION = YES;
				CLANG_WARN_INFINITE_RECURSION = YES;
				CLANG_WARN_INT_CONVERSION = YES;
				CLANG_WARN_OBJC_ROOT_CLASS = YES_ERROR;
				CLANG_WARN_SUSPICIOUS_MOVE = YES;
				CLANG_WARN_UNREACHABLE_CODE = YES;
				CLANG_WARN__DUPLICATE_METHOD_MATCH = YES;
				"CODE_SIGN_IDENTITY[sdk=iphoneos*]" = "iPhone Developer";
				COPY_PHASE_STRIP = NO;
				DEBUG_INFORMATION_FORMAT = dwarf;
				ENABLE_STRICT_OBJC_MSGSEND = YES;
				ENABLE_TESTABILITY = YES;
				GCC_C_LANGUAGE_STANDARD = gnu99;
				GCC_DYNAMIC_NO_PIC = NO;
				GCC_NO_COMMON_BLOCKS = YES;
				GCC_OPTIMIZATION_LEVEL = 0;
				GCC_PREPROCESSOR_DEFINITIONS = (
					"DEBUG=1",
					"$(inherited)",
				);
				GCC_WARN_64_TO_32_BIT_CONVERSION = YES;
				GCC_WARN_ABOUT_RETURN_TYPE = YES_ERROR;
				GCC_WARN_UNDECLARED_SELECTOR = YES;
				GCC_WARN_UNINITIALIZED_AUTOS = YES_AGGRESSIVE;
				GCC_WARN_UNUSED_FUNCTION = YES;
				GCC_WARN_UNUSED_VARIABLE = YES;
				IPHONEOS_DEPLOYMENT_TARGET = 9.3;
				MTL_ENABLE_DEBUG_INFO = YES;
				ONLY_ACTIVE_ARCH = YES;
				SDKROOT = iphoneos;
				SWIFT_OPTIMIZATION_LEVEL = "-Onone";
			};
			name = Debug;
		};
		DC6D420A1D6E4B9800B26579 /* Release */ = {
			isa = XCBuildConfiguration;
			buildSettings = {
				ALWAYS_SEARCH_USER_PATHS = NO;
				CLANG_ANALYZER_NONNULL = YES;
				CLANG_CXX_LANGUAGE_STANDARD = "gnu++0x";
				CLANG_CXX_LIBRARY = "libc++";
				CLANG_ENABLE_MODULES = YES;
				CLANG_ENABLE_OBJC_ARC = YES;
				CLANG_WARN_BOOL_CONVERSION = YES;
				CLANG_WARN_CONSTANT_CONVERSION = YES;
				CLANG_WARN_DIRECT_OBJC_ISA_USAGE = YES_ERROR;
				CLANG_WARN_EMPTY_BODY = YES;
				CLANG_WARN_ENUM_CONVERSION = YES;
				CLANG_WARN_INFINITE_RECURSION = YES;
				CLANG_WARN_INT_CONVERSION = YES;
				CLANG_WARN_OBJC_ROOT_CLASS = YES_ERROR;
				CLANG_WARN_SUSPICIOUS_MOVE = YES;
				CLANG_WARN_UNREACHABLE_CODE = YES;
				CLANG_WARN__DUPLICATE_METHOD_MATCH = YES;
				"CODE_SIGN_IDENTITY[sdk=iphoneos*]" = "iPhone Developer";
				COPY_PHASE_STRIP = NO;
				DEBUG_INFORMATION_FORMAT = "dwarf-with-dsym";
				ENABLE_NS_ASSERTIONS = NO;
				ENABLE_STRICT_OBJC_MSGSEND = YES;
				GCC_C_LANGUAGE_STANDARD = gnu99;
				GCC_NO_COMMON_BLOCKS = YES;
				GCC_WARN_64_TO_32_BIT_CONVERSION = YES;
				GCC_WARN_ABOUT_RETURN_TYPE = YES_ERROR;
				GCC_WARN_UNDECLARED_SELECTOR = YES;
				GCC_WARN_UNINITIALIZED_AUTOS = YES_AGGRESSIVE;
				GCC_WARN_UNUSED_FUNCTION = YES;
				GCC_WARN_UNUSED_VARIABLE = YES;
				IPHONEOS_DEPLOYMENT_TARGET = 9.3;
				MTL_ENABLE_DEBUG_INFO = NO;
				SDKROOT = iphoneos;
				SWIFT_OPTIMIZATION_LEVEL = "-Owholemodule";
				VALIDATE_PRODUCT = YES;
			};
			name = Release;
		};
		DC6D420C1D6E4B9800B26579 /* Debug */ = {
			isa = XCBuildConfiguration;
			buildSettings = {
				ASSETCATALOG_COMPILER_APPICON_NAME = AppIcon;
				DEVELOPMENT_TEAM = TZC6423TE8;
				INFOPLIST_FILE = ProjectEuler/Info.plist;
				IPHONEOS_DEPLOYMENT_TARGET = 8.0;
				LD_RUNPATH_SEARCH_PATHS = "$(inherited) @executable_path/Frameworks";
				PRODUCT_BUNDLE_IDENTIFIER = la.felixaya.ProjectEuler;
				PRODUCT_NAME = "$(TARGET_NAME)";
				SWIFT_VERSION = 3.0;
			};
			name = Debug;
		};
		DC6D420D1D6E4B9800B26579 /* Release */ = {
			isa = XCBuildConfiguration;
			buildSettings = {
				ASSETCATALOG_COMPILER_APPICON_NAME = AppIcon;
				DEVELOPMENT_TEAM = TZC6423TE8;
				INFOPLIST_FILE = ProjectEuler/Info.plist;
				IPHONEOS_DEPLOYMENT_TARGET = 8.0;
				LD_RUNPATH_SEARCH_PATHS = "$(inherited) @executable_path/Frameworks";
				PRODUCT_BUNDLE_IDENTIFIER = la.felixaya.ProjectEuler;
				PRODUCT_NAME = "$(TARGET_NAME)";
				SWIFT_VERSION = 3.0;
			};
			name = Release;
		};
/* End XCBuildConfiguration section */

/* Begin XCConfigurationList section */
		DC6D41F41D6E4B9700B26579 /* Build configuration list for PBXProject "ProjectEuler" */ = {
			isa = XCConfigurationList;
			buildConfigurations = (
				DC6D42091D6E4B9800B26579 /* Debug */,
				DC6D420A1D6E4B9800B26579 /* Release */,
			);
			defaultConfigurationIsVisible = 0;
			defaultConfigurationName = Release;
		};
		DC6D420B1D6E4B9800B26579 /* Build configuration list for PBXNativeTarget "ProjectEuler" */ = {
			isa = XCConfigurationList;
			buildConfigurations = (
				DC6D420C1D6E4B9800B26579 /* Debug */,
				DC6D420D1D6E4B9800B26579 /* Release */,
			);
			defaultConfigurationIsVisible = 0;
			defaultConfigurationName = Release;
		};
/* End XCConfigurationList section */
	};
	rootObject = DC6D41F11D6E4B9700B26579 /* Project object */;
}
